
Microsoft Visual Studio Solution File, Format Version 12.00
# Visual Studio Version 17
VisualStudioVersion = 17.7.34031.279
MinimumVisualStudioVersion = 10.0.40219.1
Project("{FAE04EC0-301F-11D3-BF4B-00C04F79EFBC}") = "ClassLib", "ClassLib\ClassLib.csproj", "{69D33760-6EEE-4F43-89F4-39324F059F6F}"
EndProject
Project("{FAE04EC0-301F-11D3-BF4B-00C04F79EFBC}") = "Launcher", "Launcher\Launcher.csproj", "{52A1521B-ADAA-4B60-A02B-0700A87F5A60}"
EndProject
Global
	GlobalSection(SolutionConfigurationPlatforms) = preSolution
		Debug|Any CPU = Debug|Any CPU
		Release|Any CPU = Release|Any CPU
	EndGlobalSection
	GlobalSection(ProjectConfigurationPlatforms) = postSolution
		{69D33760-6EEE-4F43-89F4-39324F059F6F}.Debug|Any CPU.ActiveCfg = Debug|Any CPU
		{69D33760-6EEE-4F43-89F4-39324F059F6F}.Debug|Any CPU.Build.0 = Debug|Any CPU
		{69D33760-6EEE-4F43-89F4-39324F059F6F}.Release|Any CPU.ActiveCfg = Release|Any CPU
		{69D33760-6EEE-4F43-89F4-39324F059F6F}.Release|Any CPU.Build.0 = Release|Any CPU
		{52A1521B-ADAA-4B60-A02B-0700A87F5A60}.Debug|Any CPU.ActiveCfg = Debug|Any CPU
		{52A1521B-ADAA-4B60-A02B-0700A87F5A60}.Debug|Any CPU.Build.0 = Debug|Any CPU
		{52A1521B-ADAA-4B60-A02B-0700A87F5A60}.Release|Any CPU.ActiveCfg = Release|Any CPU
		{52A1521B-ADAA-4B60-A02B-0700A87F5A60}.Release|Any CPU.Build.0 = Release|Any CPU
	EndGlobalSection
	GlobalSection(SolutionProperties) = preSolution
		HideSolutionNode = FALSE
	EndGlobalSection
	GlobalSection(ExtensibilityGlobals) = postSolution
		SolutionGuid = {23B80BD4-55B6-4D42-9BF4-9BD553DDA38E}
	EndGlobalSection
EndGlobal
